
Microsoft Visual Studio Solution File, Format Version 12.00
# Visual Studio Version 17
VisualStudioVersion = 17.8.34330.188
MinimumVisualStudioVersion = 10.0.40219.1
Project("{FAE04EC0-301F-11D3-BF4B-00C04F79EFBC}") = "Backend del sistema hotelero", "Backend del sistema hotelero\Backend del sistema hotelero.csproj", "{0823A2B8-3890-4CE8-9746-874A91555719}"
EndProject
Global
	GlobalSection(SolutionConfigurationPlatforms) = preSolution
		Debug|Any CPU = Debug|Any CPU
		Release|Any CPU = Release|Any CPU
	EndGlobalSection
	GlobalSection(ProjectConfigurationPlatforms) = postSolution
		{0823A2B8-3890-4CE8-9746-874A91555719}.Debug|Any CPU.ActiveCfg = Debug|Any CPU
		{0823A2B8-3890-4CE8-9746-874A91555719}.Debug|Any CPU.Build.0 = Debug|Any CPU
		{0823A2B8-3890-4CE8-9746-874A91555719}.Release|Any CPU.ActiveCfg = Release|Any CPU
		{0823A2B8-3890-4CE8-9746-874A91555719}.Release|Any CPU.Build.0 = Release|Any CPU
	EndGlobalSection
	GlobalSection(SolutionProperties) = preSolution
		HideSolutionNode = FALSE
	EndGlobalSection
	GlobalSection(ExtensibilityGlobals) = postSolution
		SolutionGuid = {1A6DAEBD-1354-407E-AF55-1F34DB041CD4}
	EndGlobalSection
EndGlobal
